<?xml version="1.0" encoding="utf-8"?>
<Project ToolsVersion="17.0" xmlns="http://schemas.microsoft.com/developer/msbuild/2003">
  <ItemGroup>
    <ClCompile Include="D:\code\benchmark\src\main.cpp">
      <Filter>Source Files</Filter>
    </ClCompile>
  </ItemGroup>
  <ItemGroup>
    <CustomBuild Include="D:\code\benchmark\CMakeLists.txt" />
  </ItemGroup>
  <ItemGroup>
    <None Include="D:\code\benchmark\include\competitors\sfmt\SFMT.c">
      <Filter>Source Files</Filter>
    </None>
  </ItemGroup>
  <ItemGroup>
    <Filter Include="Source Files">
      <UniqueIdentifier>{B97B60E8-60DB-3F42-AC95-38F9C9E9DD02}</UniqueIdentifier>
    </Filter>
  </ItemGroup>
</Project>
