
Microsoft Visual Studio Solution File, Format Version 12.00
# Visual Studio Version 17
Project("{8BC9CEB8-8B4A-11D0-8D11-00A0C91BC942}") = "ALL_BUILD", "ALL_BUILD.vcxproj", "{AFFAA78A-3809-30C4-BDF2-14D2EBFA8C7F}"
	ProjectSection(ProjectDependencies) = postProject
		{AA33B5E8-A64C-3C3C-84EB-1C2E79F1A34D} = {AA33B5E8-A64C-3C3C-84EB-1C2E79F1A34D}
		{01038E3F-9EA2-3C78-8016-17E47C618585} = {01038E3F-9EA2-3C78-8016-17E47C618585}
	EndProjectSection
EndProject
Project("{8BC9CEB8-8B4A-11D0-8D11-00A0C91BC942}") = "ZERO_CHECK", "ZERO_CHECK.vcxproj", "{AA33B5E8-A64C-3C3C-84EB-1C2E79F1A34D}"
	ProjectSection(ProjectDependencies) = postProject
	EndProjectSection
EndProject
Project("{8BC9CEB8-8B4A-11D0-8D11-00A0C91BC942}") = "rng_bench", "rng_bench.vcxproj", "{01038E3F-9EA2-3C78-8016-17E47C618585}"
	ProjectSection(ProjectDependencies) = postProject
		{AA33B5E8-A64C-3C3C-84EB-1C2E79F1A34D} = {AA33B5E8-A64C-3C3C-84EB-1C2E79F1A34D}
	EndProjectSection
EndProject
Global
	GlobalSection(SolutionConfigurationPlatforms) = preSolution
		Debug|x64 = Debug|x64
		Release|x64 = Release|x64
		MinSizeRel|x64 = MinSizeRel|x64
		RelWithDebInfo|x64 = RelWithDebInfo|x64
	EndGlobalSection
	GlobalSection(ProjectConfigurationPlatforms) = postSolution
		{AFFAA78A-3809-30C4-BDF2-14D2EBFA8C7F}.Debug|x64.ActiveCfg = Debug|x64
		{AFFAA78A-3809-30C4-BDF2-14D2EBFA8C7F}.Release|x64.ActiveCfg = Release|x64
		{AFFAA78A-3809-30C4-BDF2-14D2EBFA8C7F}.MinSizeRel|x64.ActiveCfg = MinSizeRel|x64
		{AFFAA78A-3809-30C4-BDF2-14D2EBFA8C7F}.RelWithDebInfo|x64.ActiveCfg = RelWithDebInfo|x64
		{AA33B5E8-A64C-3C3C-84EB-1C2E79F1A34D}.Debug|x64.ActiveCfg = Debug|x64
		{AA33B5E8-A64C-3C3C-84EB-1C2E79F1A34D}.Debug|x64.Build.0 = Debug|x64
		{AA33B5E8-A64C-3C3C-84EB-1C2E79F1A34D}.Release|x64.ActiveCfg = Release|x64
		{AA33B5E8-A64C-3C3C-84EB-1C2E79F1A34D}.Release|x64.Build.0 = Release|x64
		{AA33B5E8-A64C-3C3C-84EB-1C2E79F1A34D}.MinSizeRel|x64.ActiveCfg = MinSizeRel|x64
		{AA33B5E8-A64C-3C3C-84EB-1C2E79F1A34D}.MinSizeRel|x64.Build.0 = MinSizeRel|x64
		{AA33B5E8-A64C-3C3C-84EB-1C2E79F1A34D}.RelWithDebInfo|x64.ActiveCfg = RelWithDebInfo|x64
		{AA33B5E8-A64C-3C3C-84EB-1C2E79F1A34D}.RelWithDebInfo|x64.Build.0 = RelWithDebInfo|x64
		{01038E3F-9EA2-3C78-8016-17E47C618585}.Debug|x64.ActiveCfg = Debug|x64
		{01038E3F-9EA2-3C78-8016-17E47C618585}.Debug|x64.Build.0 = Debug|x64
		{01038E3F-9EA2-3C78-8016-17E47C618585}.Release|x64.ActiveCfg = Release|x64
		{01038E3F-9EA2-3C78-8016-17E47C618585}.Release|x64.Build.0 = Release|x64
		{01038E3F-9EA2-3C78-8016-17E47C618585}.MinSizeRel|x64.ActiveCfg = MinSizeRel|x64
		{01038E3F-9EA2-3C78-8016-17E47C618585}.MinSizeRel|x64.Build.0 = MinSizeRel|x64
		{01038E3F-9EA2-3C78-8016-17E47C618585}.RelWithDebInfo|x64.ActiveCfg = RelWithDebInfo|x64
		{01038E3F-9EA2-3C78-8016-17E47C618585}.RelWithDebInfo|x64.Build.0 = RelWithDebInfo|x64
	EndGlobalSection
	GlobalSection(ExtensibilityGlobals) = postSolution
		SolutionGuid = {0ABC0274-DDDC-328B-A3ED-4ABCEEB1500D}
	EndGlobalSection
	GlobalSection(ExtensibilityAddIns) = postSolution
	EndGlobalSection
EndGlobal
